
Microsoft Visual Studio Solution File, Format Version 12.00
# Visual Studio Version 16
VisualStudioVersion = 16.0.30503.244
MinimumVisualStudioVersion = 10.0.40219.1
Project("{9A19103F-16F7-4668-BE54-9A1E7A4F7556}") = "3.Féléves feladat", "3.Féléves feladat\3.Féléves feladat.csproj", "{527E885F-745F-4AD1-AC10-94EC501A24C5}"
EndProject
Project("{9A19103F-16F7-4668-BE54-9A1E7A4F7556}") = "Models", "Models\Models.csproj", "{AC5DE7D7-04EE-49C8-B76D-A482BAA7DDF9}"
EndProject
Project("{9A19103F-16F7-4668-BE54-9A1E7A4F7556}") = "Data", "Data\Data.csproj", "{E0EF773A-D13E-407C-A69F-2996EC91807B}"
EndProject
Project("{9A19103F-16F7-4668-BE54-9A1E7A4F7556}") = "Repository", "Repository\Repository.csproj", "{B50539BE-4171-48FC-B855-2C3CD92556E9}"
EndProject
Project("{9A19103F-16F7-4668-BE54-9A1E7A4F7556}") = "Logic", "ClassLibrary1\Logic.csproj", "{82C13A9E-B5E9-45E4-810C-7D4EA776C451}"
EndProject
Project("{FAE04EC0-301F-11D3-BF4B-00C04F79EFBC}") = "TestLib", "TestLib\TestLib.csproj", "{D09EDBB1-9C27-4AA1-94A3-16D602B90900}"
EndProject
Global
	GlobalSection(SolutionConfigurationPlatforms) = preSolution
		Debug|Any CPU = Debug|Any CPU
		Release|Any CPU = Release|Any CPU
	EndGlobalSection
	GlobalSection(ProjectConfigurationPlatforms) = postSolution
		{527E885F-745F-4AD1-AC10-94EC501A24C5}.Debug|Any CPU.ActiveCfg = Debug|Any CPU
		{527E885F-745F-4AD1-AC10-94EC501A24C5}.Debug|Any CPU.Build.0 = Debug|Any CPU
		{527E885F-745F-4AD1-AC10-94EC501A24C5}.Release|Any CPU.ActiveCfg = Release|Any CPU
		{527E885F-745F-4AD1-AC10-94EC501A24C5}.Release|Any CPU.Build.0 = Release|Any CPU
		{AC5DE7D7-04EE-49C8-B76D-A482BAA7DDF9}.Debug|Any CPU.ActiveCfg = Debug|Any CPU
		{AC5DE7D7-04EE-49C8-B76D-A482BAA7DDF9}.Debug|Any CPU.Build.0 = Debug|Any CPU
		{AC5DE7D7-04EE-49C8-B76D-A482BAA7DDF9}.Release|Any CPU.ActiveCfg = Release|Any CPU
		{AC5DE7D7-04EE-49C8-B76D-A482BAA7DDF9}.Release|Any CPU.Build.0 = Release|Any CPU
		{E0EF773A-D13E-407C-A69F-2996EC91807B}.Debug|Any CPU.ActiveCfg = Debug|Any CPU
		{E0EF773A-D13E-407C-A69F-2996EC91807B}.Debug|Any CPU.Build.0 = Debug|Any CPU
		{E0EF773A-D13E-407C-A69F-2996EC91807B}.Release|Any CPU.ActiveCfg = Release|Any CPU
		{E0EF773A-D13E-407C-A69F-2996EC91807B}.Release|Any CPU.Build.0 = Release|Any CPU
		{B50539BE-4171-48FC-B855-2C3CD92556E9}.Debug|Any CPU.ActiveCfg = Debug|Any CPU
		{B50539BE-4171-48FC-B855-2C3CD92556E9}.Debug|Any CPU.Build.0 = Debug|Any CPU
		{B50539BE-4171-48FC-B855-2C3CD92556E9}.Release|Any CPU.ActiveCfg = Release|Any CPU
		{B50539BE-4171-48FC-B855-2C3CD92556E9}.Release|Any CPU.Build.0 = Release|Any CPU
		{82C13A9E-B5E9-45E4-810C-7D4EA776C451}.Debug|Any CPU.ActiveCfg = Debug|Any CPU
		{82C13A9E-B5E9-45E4-810C-7D4EA776C451}.Debug|Any CPU.Build.0 = Debug|Any CPU
		{82C13A9E-B5E9-45E4-810C-7D4EA776C451}.Release|Any CPU.ActiveCfg = Release|Any CPU
		{82C13A9E-B5E9-45E4-810C-7D4EA776C451}.Release|Any CPU.Build.0 = Release|Any CPU
		{D09EDBB1-9C27-4AA1-94A3-16D602B90900}.Debug|Any CPU.ActiveCfg = Debug|Any CPU
		{D09EDBB1-9C27-4AA1-94A3-16D602B90900}.Debug|Any CPU.Build.0 = Debug|Any CPU
		{D09EDBB1-9C27-4AA1-94A3-16D602B90900}.Release|Any CPU.ActiveCfg = Release|Any CPU
		{D09EDBB1-9C27-4AA1-94A3-16D602B90900}.Release|Any CPU.Build.0 = Release|Any CPU
	EndGlobalSection
	GlobalSection(SolutionProperties) = preSolution
		HideSolutionNode = FALSE
	EndGlobalSection
	GlobalSection(ExtensibilityGlobals) = postSolution
		SolutionGuid = {ED14869E-F504-4EE0-82A1-FA5C9A6BF9FF}
	EndGlobalSection
EndGlobal
